
Microsoft Visual Studio Solution File, Format Version 12.00
# Visual Studio Version 17
VisualStudioVersion = 17.0.31903.59
MinimumVisualStudioVersion = 10.0.40219.1
Project("{2150E333-8FDC-42A3-9474-1A3956D46DE8}") = "src", "src", "{827E0CD3-B72D-47B6-A68D-7590B98EB39B}"
EndProject
Project("{FAE04EC0-301F-11D3-BF4B-00C04F79EFBC}") = "Domain", "src\Domain\Domain.csproj", "{ACF31F46-FAE4-4E1C-B61E-0EFC021CA21F}"
EndProject
Project("{FAE04EC0-301F-11D3-BF4B-00C04F79EFBC}") = "Application", "src\Application\Application.csproj", "{BA5098C2-8380-4A14-B7D8-F42774D86A1D}"
EndProject
Project("{FAE04EC0-301F-11D3-BF4B-00C04F79EFBC}") = "Infrastructure", "src\Infrastructure\Infrastructure.csproj", "{3CB56172-C167-41D7-9AFA-A18F536EDFBC}"
EndProject
Project("{FAE04EC0-301F-11D3-BF4B-00C04F79EFBC}") = "Api", "src\Api\Api.csproj", "{F76D49E6-2B59-4B15-8802-8A2F9002FD18}"
EndProject
Project("{2150E333-8FDC-42A3-9474-1A3956D46DE8}") = "tests", "tests", "{0AB3BF05-4346-4AA6-1389-037BE0695223}"
EndProject
Project("{2150E333-8FDC-42A3-9474-1A3956D46DE8}") = "Unit", "Unit", "{9D556B49-86D1-93A7-9596-FFAAB74EC556}"
EndProject
Project("{FAE04EC0-301F-11D3-BF4B-00C04F79EFBC}") = "UnitTests", "tests\Unit\UnitTests.csproj", "{DA95EE0A-B279-4F61-8E58-98864F7C3AE5}"
EndProject
Global
	GlobalSection(SolutionConfigurationPlatforms) = preSolution
		Debug|Any CPU = Debug|Any CPU
		Debug|x64 = Debug|x64
		Debug|x86 = Debug|x86
		Release|Any CPU = Release|Any CPU
		Release|x64 = Release|x64
		Release|x86 = Release|x86
	EndGlobalSection
	GlobalSection(ProjectConfigurationPlatforms) = postSolution
		{ACF31F46-FAE4-4E1C-B61E-0EFC021CA21F}.Debug|Any CPU.ActiveCfg = Debug|Any CPU
		{ACF31F46-FAE4-4E1C-B61E-0EFC021CA21F}.Debug|Any CPU.Build.0 = Debug|Any CPU
		{ACF31F46-FAE4-4E1C-B61E-0EFC021CA21F}.Debug|x64.ActiveCfg = Debug|Any CPU
		{ACF31F46-FAE4-4E1C-B61E-0EFC021CA21F}.Debug|x64.Build.0 = Debug|Any CPU
		{ACF31F46-FAE4-4E1C-B61E-0EFC021CA21F}.Debug|x86.ActiveCfg = Debug|Any CPU
		{ACF31F46-FAE4-4E1C-B61E-0EFC021CA21F}.Debug|x86.Build.0 = Debug|Any CPU
		{ACF31F46-FAE4-4E1C-B61E-0EFC021CA21F}.Release|Any CPU.ActiveCfg = Release|Any CPU
		{ACF31F46-FAE4-4E1C-B61E-0EFC021CA21F}.Release|Any CPU.Build.0 = Release|Any CPU
		{ACF31F46-FAE4-4E1C-B61E-0EFC021CA21F}.Release|x64.ActiveCfg = Release|Any CPU
		{ACF31F46-FAE4-4E1C-B61E-0EFC021CA21F}.Release|x64.Build.0 = Release|Any CPU
		{ACF31F46-FAE4-4E1C-B61E-0EFC021CA21F}.Release|x86.ActiveCfg = Release|Any CPU
		{ACF31F46-FAE4-4E1C-B61E-0EFC021CA21F}.Release|x86.Build.0 = Release|Any CPU
		{BA5098C2-8380-4A14-B7D8-F42774D86A1D}.Debug|Any CPU.ActiveCfg = Debug|Any CPU
		{BA5098C2-8380-4A14-B7D8-F42774D86A1D}.Debug|Any CPU.Build.0 = Debug|Any CPU
		{BA5098C2-8380-4A14-B7D8-F42774D86A1D}.Debug|x64.ActiveCfg = Debug|Any CPU
		{BA5098C2-8380-4A14-B7D8-F42774D86A1D}.Debug|x64.Build.0 = Debug|Any CPU
		{BA5098C2-8380-4A14-B7D8-F42774D86A1D}.Debug|x86.ActiveCfg = Debug|Any CPU
		{BA5098C2-8380-4A14-B7D8-F42774D86A1D}.Debug|x86.Build.0 = Debug|Any CPU
		{BA5098C2-8380-4A14-B7D8-F42774D86A1D}.Release|Any CPU.ActiveCfg = Release|Any CPU
		{BA5098C2-8380-4A14-B7D8-F42774D86A1D}.Release|Any CPU.Build.0 = Release|Any CPU
		{BA5098C2-8380-4A14-B7D8-F42774D86A1D}.Release|x64.ActiveCfg = Release|Any CPU
		{BA5098C2-8380-4A14-B7D8-F42774D86A1D}.Release|x64.Build.0 = Release|Any CPU
		{BA5098C2-8380-4A14-B7D8-F42774D86A1D}.Release|x86.ActiveCfg = Release|Any CPU
		{BA5098C2-8380-4A14-B7D8-F42774D86A1D}.Release|x86.Build.0 = Release|Any CPU
		{3CB56172-C167-41D7-9AFA-A18F536EDFBC}.Debug|Any CPU.ActiveCfg = Debug|Any CPU
		{3CB56172-C167-41D7-9AFA-A18F536EDFBC}.Debug|Any CPU.Build.0 = Debug|Any CPU
		{3CB56172-C167-41D7-9AFA-A18F536EDFBC}.Debug|x64.ActiveCfg = Debug|Any CPU
		{3CB56172-C167-41D7-9AFA-A18F536EDFBC}.Debug|x64.Build.0 = Debug|Any CPU
		{3CB56172-C167-41D7-9AFA-A18F536EDFBC}.Debug|x86.ActiveCfg = Debug|Any CPU
		{3CB56172-C167-41D7-9AFA-A18F536EDFBC}.Debug|x86.Build.0 = Debug|Any CPU
		{3CB56172-C167-41D7-9AFA-A18F536EDFBC}.Release|Any CPU.ActiveCfg = Release|Any CPU
		{3CB56172-C167-41D7-9AFA-A18F536EDFBC}.Release|Any CPU.Build.0 = Release|Any CPU
		{3CB56172-C167-41D7-9AFA-A18F536EDFBC}.Release|x64.ActiveCfg = Release|Any CPU
		{3CB56172-C167-41D7-9AFA-A18F536EDFBC}.Release|x64.Build.0 = Release|Any CPU
		{3CB56172-C167-41D7-9AFA-A18F536EDFBC}.Release|x86.ActiveCfg = Release|Any CPU
		{3CB56172-C167-41D7-9AFA-A18F536EDFBC}.Release|x86.Build.0 = Release|Any CPU
		{F76D49E6-2B59-4B15-8802-8A2F9002FD18}.Debug|Any CPU.ActiveCfg = Debug|Any CPU
		{F76D49E6-2B59-4B15-8802-8A2F9002FD18}.Debug|Any CPU.Build.0 = Debug|Any CPU
		{F76D49E6-2B59-4B15-8802-8A2F9002FD18}.Debug|x64.ActiveCfg = Debug|Any CPU
		{F76D49E6-2B59-4B15-8802-8A2F9002FD18}.Debug|x64.Build.0 = Debug|Any CPU
		{F76D49E6-2B59-4B15-8802-8A2F9002FD18}.Debug|x86.ActiveCfg = Debug|Any CPU
		{F76D49E6-2B59-4B15-8802-8A2F9002FD18}.Debug|x86.Build.0 = Debug|Any CPU
		{F76D49E6-2B59-4B15-8802-8A2F9002FD18}.Release|Any CPU.ActiveCfg = Release|Any CPU
		{F76D49E6-2B59-4B15-8802-8A2F9002FD18}.Release|Any CPU.Build.0 = Release|Any CPU
		{F76D49E6-2B59-4B15-8802-8A2F9002FD18}.Release|x64.ActiveCfg = Release|Any CPU
		{F76D49E6-2B59-4B15-8802-8A2F9002FD18}.Release|x64.Build.0 = Release|Any CPU
		{F76D49E6-2B59-4B15-8802-8A2F9002FD18}.Release|x86.ActiveCfg = Release|Any CPU
		{F76D49E6-2B59-4B15-8802-8A2F9002FD18}.Release|x86.Build.0 = Release|Any CPU
		{DA95EE0A-B279-4F61-8E58-98864F7C3AE5}.Debug|Any CPU.ActiveCfg = Debug|Any CPU
		{DA95EE0A-B279-4F61-8E58-98864F7C3AE5}.Debug|Any CPU.Build.0 = Debug|Any CPU
		{DA95EE0A-B279-4F61-8E58-98864F7C3AE5}.Debug|x64.ActiveCfg = Debug|Any CPU
		{DA95EE0A-B279-4F61-8E58-98864F7C3AE5}.Debug|x64.Build.0 = Debug|Any CPU
		{DA95EE0A-B279-4F61-8E58-98864F7C3AE5}.Debug|x86.ActiveCfg = Debug|Any CPU
		{DA95EE0A-B279-4F61-8E58-98864F7C3AE5}.Debug|x86.Build.0 = Debug|Any CPU
		{DA95EE0A-B279-4F61-8E58-98864F7C3AE5}.Release|Any CPU.ActiveCfg = Release|Any CPU
		{DA95EE0A-B279-4F61-8E58-98864F7C3AE5}.Release|Any CPU.Build.0 = Release|Any CPU
		{DA95EE0A-B279-4F61-8E58-98864F7C3AE5}.Release|x64.ActiveCfg = Release|Any CPU
		{DA95EE0A-B279-4F61-8E58-98864F7C3AE5}.Release|x64.Build.0 = Release|Any CPU
		{DA95EE0A-B279-4F61-8E58-98864F7C3AE5}.Release|x86.ActiveCfg = Release|Any CPU
		{DA95EE0A-B279-4F61-8E58-98864F7C3AE5}.Release|x86.Build.0 = Release|Any CPU
	EndGlobalSection
	GlobalSection(SolutionProperties) = preSolution
		HideSolutionNode = FALSE
	EndGlobalSection
	GlobalSection(NestedProjects) = preSolution
		{ACF31F46-FAE4-4E1C-B61E-0EFC021CA21F} = {827E0CD3-B72D-47B6-A68D-7590B98EB39B}
		{BA5098C2-8380-4A14-B7D8-F42774D86A1D} = {827E0CD3-B72D-47B6-A68D-7590B98EB39B}
		{3CB56172-C167-41D7-9AFA-A18F536EDFBC} = {827E0CD3-B72D-47B6-A68D-7590B98EB39B}
		{F76D49E6-2B59-4B15-8802-8A2F9002FD18} = {827E0CD3-B72D-47B6-A68D-7590B98EB39B}
		{9D556B49-86D1-93A7-9596-FFAAB74EC556} = {0AB3BF05-4346-4AA6-1389-037BE0695223}
		{DA95EE0A-B279-4F61-8E58-98864F7C3AE5} = {9D556B49-86D1-93A7-9596-FFAAB74EC556}
	EndGlobalSection
EndGlobal
